{
  "name": "pbplus-member-sdk",
  "version": "0.0.1",
  "lockfileVersion": 1,
  "requires": true,
  "dependencies": {
    "pbplus-member-ui": {
      "version": "2.1.0",
      "resolved": "https://registry.npmjs.org/pbplus-member-ui/-/pbplus-member-ui-2.1.0.tgz",
      "integrity": "sha512-Xb85hZNjFIIl4uCYyKVGKByuljzW8PlTL5iJgISyTy4fT6dblFXFv3wwPLuMW450uF6szGCbB+7vmv604s76XA==",
      "dev": true
    }
  }
}
